
Microsoft Visual Studio Solution File, Format Version 12.00
# Visual Studio Version 17
VisualStudioVersion = 17.2.32616.157
MinimumVisualStudioVersion = 10.0.40219.1
Project("{9A19103F-16F7-4668-BE54-9A1E7A4F7556}") = "BattleArmies.Server", "BattleArmies\Server\BattleArmies.Server.csproj", "{4A8FFA0A-F374-4C60-ADB6-69AEA41A1F65}"
EndProject
Project("{9A19103F-16F7-4668-BE54-9A1E7A4F7556}") = "BattleArmies.Client", "BattleArmies\Client\BattleArmies.Client.csproj", "{FAD4C55C-2625-4289-814D-829DB134582A}"
EndProject
Project("{9A19103F-16F7-4668-BE54-9A1E7A4F7556}") = "BattleArmies.Shared", "BattleArmies\Shared\BattleArmies.Shared.csproj", "{67ECD085-D083-45FF-94BB-DE0DAE35B2C1}"
EndProject
Global
	GlobalSection(SolutionConfigurationPlatforms) = preSolution
		Debug|Any CPU = Debug|Any CPU
		Release|Any CPU = Release|Any CPU
	EndGlobalSection
	GlobalSection(ProjectConfigurationPlatforms) = postSolution
		{4A8FFA0A-F374-4C60-ADB6-69AEA41A1F65}.Debug|Any CPU.ActiveCfg = Debug|Any CPU
		{4A8FFA0A-F374-4C60-ADB6-69AEA41A1F65}.Debug|Any CPU.Build.0 = Debug|Any CPU
		{4A8FFA0A-F374-4C60-ADB6-69AEA41A1F65}.Release|Any CPU.ActiveCfg = Release|Any CPU
		{4A8FFA0A-F374-4C60-ADB6-69AEA41A1F65}.Release|Any CPU.Build.0 = Release|Any CPU
		{FAD4C55C-2625-4289-814D-829DB134582A}.Debug|Any CPU.ActiveCfg = Debug|Any CPU
		{FAD4C55C-2625-4289-814D-829DB134582A}.Debug|Any CPU.Build.0 = Debug|Any CPU
		{FAD4C55C-2625-4289-814D-829DB134582A}.Release|Any CPU.ActiveCfg = Release|Any CPU
		{FAD4C55C-2625-4289-814D-829DB134582A}.Release|Any CPU.Build.0 = Release|Any CPU
		{67ECD085-D083-45FF-94BB-DE0DAE35B2C1}.Debug|Any CPU.ActiveCfg = Debug|Any CPU
		{67ECD085-D083-45FF-94BB-DE0DAE35B2C1}.Debug|Any CPU.Build.0 = Debug|Any CPU
		{67ECD085-D083-45FF-94BB-DE0DAE35B2C1}.Release|Any CPU.ActiveCfg = Release|Any CPU
		{67ECD085-D083-45FF-94BB-DE0DAE35B2C1}.Release|Any CPU.Build.0 = Release|Any CPU
	EndGlobalSection
	GlobalSection(SolutionProperties) = preSolution
		HideSolutionNode = FALSE
	EndGlobalSection
	GlobalSection(ExtensibilityGlobals) = postSolution
		SolutionGuid = {2B402ACD-BD84-4ACE-80D6-8670959A439A}
	EndGlobalSection
EndGlobal
